
Microsoft Visual Studio Solution File, Format Version 12.00
# Visual Studio Version 17
VisualStudioVersion = 17.3.32901.215
MinimumVisualStudioVersion = 10.0.40219.1
Project("{8BC9CEB8-8B4A-11D0-8D11-00A0C91BC942}") = "SAOD_lab8_1", "SAOD_lab8_1.vcxproj", "{EF284243-CFF6-4CDA-A4F4-1B55303A148F}"
EndProject
Global
	GlobalSection(SolutionConfigurationPlatforms) = preSolution
		Debug|x64 = Debug|x64
		Debug|x86 = Debug|x86
		Release|x64 = Release|x64
		Release|x86 = Release|x86
	EndGlobalSection
	GlobalSection(ProjectConfigurationPlatforms) = postSolution
		{EF284243-CFF6-4CDA-A4F4-1B55303A148F}.Debug|x64.ActiveCfg = Debug|x64
		{EF284243-CFF6-4CDA-A4F4-1B55303A148F}.Debug|x64.Build.0 = Debug|x64
		{EF284243-CFF6-4CDA-A4F4-1B55303A148F}.Debug|x86.ActiveCfg = Debug|Win32
		{EF284243-CFF6-4CDA-A4F4-1B55303A148F}.Debug|x86.Build.0 = Debug|Win32
		{EF284243-CFF6-4CDA-A4F4-1B55303A148F}.Release|x64.ActiveCfg = Release|x64
		{EF284243-CFF6-4CDA-A4F4-1B55303A148F}.Release|x64.Build.0 = Release|x64
		{EF284243-CFF6-4CDA-A4F4-1B55303A148F}.Release|x86.ActiveCfg = Release|Win32
		{EF284243-CFF6-4CDA-A4F4-1B55303A148F}.Release|x86.Build.0 = Release|Win32
	EndGlobalSection
	GlobalSection(SolutionProperties) = preSolution
		HideSolutionNode = FALSE
	EndGlobalSection
	GlobalSection(ExtensibilityGlobals) = postSolution
		SolutionGuid = {3427523D-5C70-454D-A729-39EE87BA27F2}
	EndGlobalSection
EndGlobal
